{
  "name": "kcpclient",
  "version": "0.0.1",
  "lockfileVersion": 1,
  "requires": true,
  "dependencies": {
    "@yangfch3/pomelo-protocol": {
      "version": "0.0.1",
      "resolved": "https://registry.npmjs.org/@yangfch3/pomelo-protocol/-/pomelo-protocol-0.0.1.tgz",
      "integrity": "sha512-PQKMeE9kwXgFmNWrWcEpOuVbrp9BXWgdF5t6lO++BnfJTxjmcRwFk937d1GCwtKKKbV43fulW5yDhxx5CfLNIQ=="
    },
    "async-limiter": {
      "version": "1.0.1",
      "resolved": "https://registry.npmjs.org/async-limiter/-/async-limiter-1.0.1.tgz",
      "integrity": "sha512-csOlWGAcRFJaI6m+F2WKdnMKr4HhdhFVBk0H/QbJFMCr+uO2kwohwXQPxw/9OCxp05r5ghVBFSyioixx3gfkNQ=="
    },
    "nan": {
      "version": "2.15.0",
      "resolved": "https://registry.npmjs.org/nan/-/nan-2.15.0.tgz",
      "integrity": "sha512-8ZtvEnA2c5aYCZYd1cvgdnU6cqwixRoYg70xPLWUws5ORTa/lnw+u4amixRS/Ac5U5mQVgp9pnlSUnbNWFaWZQ=="
    },
    "node-kcp-x": {
      "version": "1.0.1",
      "resolved": "https://registry.npmjs.org/node-kcp-x/-/node-kcp-x-1.0.1.tgz",
      "integrity": "sha512-TIGlJIlMSHwYmnxjJ9NZnTQA5iXrIzA3ekJvQ09TH1Xy+7JZOLB4AjvhzXX1zWIxNET2VScXWwesAtrPdB7l2w==",
      "requires": {
        "nan": "^2.14.0"
      }
    },
    "pomelo-decodeio-protobuf": {
      "version": "0.0.1",
      "resolved": "https://registry.npmjs.org/pomelo-decodeio-protobuf/-/pomelo-decodeio-protobuf-0.0.1.tgz",
      "integrity": "sha1-NwXxULVapU49tdb89KO1WP8N8wY="
    },
    "pomelo-node-client": {
      "version": "1.1.1",
      "resolved": "https://registry.npmjs.org/pomelo-node-client/-/pomelo-node-client-1.1.1.tgz",
      "integrity": "sha512-arqtDRk+a27kiNB+ev5HfizEm7tBWyj5n92CKzjUvqbdi1Tgv4EQJXwcSsjeKEz3LCCQo22CjCFRwrxW1956/A==",
      "requires": {
        "@yangfch3/pomelo-protocol": "^0.0.1",
        "pomelo-decodeio-protobuf": "0.0.1",
        "pomelo-protobuf": "^0.4.0",
        "store": "^2.0.12",
        "ws": "^5.1.0"
      }
    },
    "pomelo-protobuf": {
      "version": "0.4.0",
      "resolved": "https://registry.npmjs.org/pomelo-protobuf/-/pomelo-protobuf-0.4.0.tgz",
      "integrity": "sha1-5F6aCkRusYZn4MbhPutT1Hrdvag="
    },
    "pomelo-protocol": {
      "version": "0.1.6",
      "resolved": "https://registry.npmjs.org/pomelo-protocol/-/pomelo-protocol-0.1.6.tgz",
      "integrity": "sha1-0+DLU5JZY1wodTh3hSoNN9udMTs="
    },
    "store": {
      "version": "2.0.12",
      "resolved": "https://registry.npmjs.org/store/-/store-2.0.12.tgz",
      "integrity": "sha1-jFNOKguDH3K3X8XxEZhXxE711ZM="
    },
    "ws": {
      "version": "5.2.3",
      "resolved": "https://registry.npmjs.org/ws/-/ws-5.2.3.tgz",
      "integrity": "sha512-jZArVERrMsKUatIdnLzqvcfydI85dvd/Fp1u/VOpfdDWQ4c9qWXe+VIeAbQ5FrDwciAkr+lzofXLz3Kuf26AOA==",
      "requires": {
        "async-limiter": "~1.0.0"
      }
    }
  }
}
